
Microsoft Visual Studio Solution File, Format Version 12.00
# Visual Studio 2013
VisualStudioVersion = 12.0.21005.1
MinimumVisualStudioVersion = 10.0.40219.1
Project("{FAE04EC0-301F-11D3-BF4B-00C04F79EFBC}") = "24102016_02", "24102016_02\24102016_02.csproj", "{DA0A7F61-12F4-43F1-82C3-280905B8672A}"
EndProject
Global
	GlobalSection(SolutionConfigurationPlatforms) = preSolution
		Debug|Any CPU = Debug|Any CPU
		Release|Any CPU = Release|Any CPU
	EndGlobalSection
	GlobalSection(ProjectConfigurationPlatforms) = postSolution
		{DA0A7F61-12F4-43F1-82C3-280905B8672A}.Debug|Any CPU.ActiveCfg = Debug|Any CPU
		{DA0A7F61-12F4-43F1-82C3-280905B8672A}.Debug|Any CPU.Build.0 = Debug|Any CPU
		{DA0A7F61-12F4-43F1-82C3-280905B8672A}.Release|Any CPU.ActiveCfg = Release|Any CPU
		{DA0A7F61-12F4-43F1-82C3-280905B8672A}.Release|Any CPU.Build.0 = Release|Any CPU
	EndGlobalSection
	GlobalSection(SolutionProperties) = preSolution
		HideSolutionNode = FALSE
	EndGlobalSection
EndGlobal
